<?xml version="1.0" encoding="utf-8"?>
<Project ToolsVersion="4.0" xmlns="http://schemas.microsoft.com/developer/msbuild/2003">
  <ItemGroup>
    <Filter Include="Source Files">
      <UniqueIdentifier>{4FC737F1-C7A5-4376-A066-2A32D752A2FF}</UniqueIdentifier>
      <Extensions>cpp;c;cc;cxx;c++;cppm;ixx;def;odl;idl;hpj;bat;asm;asmx</Extensions>
    </Filter>
    <Filter Include="Header Files">
      <UniqueIdentifier>{93995380-89BD-4b04-88EB-625FBE52EBFB}</UniqueIdentifier>
      <Extensions>h;hh;hpp;hxx;h++;hm;inl;inc;ipp;xsd</Extensions>
    </Filter>
    <Filter Include="Resource Files">
      <UniqueIdentifier>{67DA6AB6-F800-4c08-8B7A-83BB121AAD01}</UniqueIdentifier>
      <Extensions>rc;ico;cur;bmp;dlg;rc2;rct;bin;rgs;gif;jpg;jpeg;jpe;resx;tiff;tif;png;wav;mfcribbon-ms</Extensions>
    </Filter>
    <Filter Include="Header Files\tcp">
      <UniqueIdentifier>{7e875512-8fe0-4e80-b9a1-cdbc1a5c1dd8}</UniqueIdentifier>
    </Filter>
    <Filter Include="Header Files\tcp\server">
      <UniqueIdentifier>{7cee0d5a-829f-4df9-affa-ecdd4a699383}</UniqueIdentifier>
    </Filter>
    <Filter Include="Header Files\tcp\server\details">
      <UniqueIdentifier>{5cba4d1e-3630-4f7e-b73e-244ac4e89b39}</UniqueIdentifier>
    </Filter>
    <Filter Include="Source Files\tcp">
      <UniqueIdentifier>{159248a0-ae9d-4ab8-8d3b-925757fb024e}</UniqueIdentifier>
    </Filter>
    <Filter Include="Source Files\tcp\server">
      <UniqueIdentifier>{68453e26-2d43-46ab-bee1-8a8853c24bf0}</UniqueIdentifier>
    </Filter>
    <Filter Include="Source Files\tcp\server\details">
      <UniqueIdentifier>{e607e0ed-938e-40c9-a1a3-d53ca3bec683}</UniqueIdentifier>
    </Filter>
  </ItemGroup>
  <ItemGroup>
    <ClInclude Include="..\..\..\..\include\networking\protocol\tcp\details\server\networking_tcp_server_type.h">
      <Filter>Header Files\tcp\server\details</Filter>
    </ClInclude>
    <ClInclude Include="..\..\..\..\include\networking\protocol\tcp\server\tcp_server_type.h">
      <Filter>Header Files\tcp\server</Filter>
    </ClInclude>
    <ClInclude Include="..\..\..\..\include\networking\protocol\tcp\details\server\networking_tcp_server_init.h">
      <Filter>Header Files\tcp\server\details</Filter>
    </ClInclude>
    <ClInclude Include="..\..\..\..\include\networking\protocol\tcp\details\server\networking_tcp_server_acpt.h">
      <Filter>Header Files\tcp\server\details</Filter>
    </ClInclude>
    <ClInclude Include="..\..\..\..\include\networking\protocol\tcp\server\tcp_server_init.h">
      <Filter>Header Files\tcp\server</Filter>
    </ClInclude>
    <ClInclude Include="..\..\..\..\include\networking\protocol\tcp\server\tcp_server_accept.h">
      <Filter>Header Files\tcp\server</Filter>
    </ClInclude>
  </ItemGroup>
  <ItemGroup>
    <ClCompile Include="..\..\..\..\source\protocol\tcp\details\server\networking_tcp_server_init.c">
      <Filter>Source Files\tcp\server\details</Filter>
    </ClCompile>
    <ClCompile Include="..\..\..\..\source\protocol\tcp\details\server\networking_tcp_server_acpt.c">
      <Filter>Source Files\tcp\server\details</Filter>
    </ClCompile>
    <ClCompile Include="..\..\..\..\source\protocol\tcp\server\tcp_server_init.c">
      <Filter>Source Files\tcp\server</Filter>
    </ClCompile>
    <ClCompile Include="..\..\..\..\source\protocol\tcp\server\tcp_server_accept.c">
      <Filter>Source Files\tcp\server</Filter>
    </ClCompile>
  </ItemGroup>
</Project>